
Microsoft Visual Studio Solution File, Format Version 12.00
# Visual Studio Version 17
VisualStudioVersion = 17.8.0.0
MinimumVisualStudioVersion = 17.8.0.0
Project("{9A19103F-16F7-4668-BE54-9A1E7A4F7556}") = "LoLProject.AppHost", "LoLProject.AppHost\LoLProject.AppHost.csproj", "{474E6B4A-0827-4553-BBAC-03220E338278}"
EndProject
Project("{9A19103F-16F7-4668-BE54-9A1E7A4F7556}") = "LoLProject.ServiceDefaults", "LoLProject.ServiceDefaults\LoLProject.ServiceDefaults.csproj", "{5F2A24DD-AE82-434C-94A0-843E8648546E}"
EndProject
Project("{FAE04EC0-301F-11D3-BF4B-00C04F79EFBC}") = "LoLProject.ApiService", "LoLProject.ApiService\LoLProject.ApiService.csproj", "{E32F18B2-3B63-45FE-B65C-B500717E09F3}"
EndProject
Project("{FAE04EC0-301F-11D3-BF4B-00C04F79EFBC}") = "LoLProject.Persistence", "LoLProject.Persistence\LoLProject.Persistence.csproj", "{30CA6527-EB6A-4F85-A751-ECC311383FFD}"
EndProject
Project("{FAE04EC0-301F-11D3-BF4B-00C04F79EFBC}") = "LoLProject.WebApp", "LoLProject.WebApp\LoLProject.WebApp.csproj", "{4F44BF17-CEA4-4A61-AB40-045674C50576}"
EndProject
Global
	GlobalSection(SolutionConfigurationPlatforms) = preSolution
		Debug|Any CPU = Debug|Any CPU
		Debug|x64 = Debug|x64
		Debug|x86 = Debug|x86
		Release|Any CPU = Release|Any CPU
		Release|x64 = Release|x64
		Release|x86 = Release|x86
	EndGlobalSection
	GlobalSection(ProjectConfigurationPlatforms) = postSolution
		{474E6B4A-0827-4553-BBAC-03220E338278}.Debug|Any CPU.ActiveCfg = Debug|Any CPU
		{474E6B4A-0827-4553-BBAC-03220E338278}.Debug|Any CPU.Build.0 = Debug|Any CPU
		{474E6B4A-0827-4553-BBAC-03220E338278}.Debug|x64.ActiveCfg = Debug|Any CPU
		{474E6B4A-0827-4553-BBAC-03220E338278}.Debug|x64.Build.0 = Debug|Any CPU
		{474E6B4A-0827-4553-BBAC-03220E338278}.Debug|x86.ActiveCfg = Debug|Any CPU
		{474E6B4A-0827-4553-BBAC-03220E338278}.Debug|x86.Build.0 = Debug|Any CPU
		{474E6B4A-0827-4553-BBAC-03220E338278}.Release|Any CPU.ActiveCfg = Release|Any CPU
		{474E6B4A-0827-4553-BBAC-03220E338278}.Release|Any CPU.Build.0 = Release|Any CPU
		{474E6B4A-0827-4553-BBAC-03220E338278}.Release|x64.ActiveCfg = Release|Any CPU
		{474E6B4A-0827-4553-BBAC-03220E338278}.Release|x64.Build.0 = Release|Any CPU
		{474E6B4A-0827-4553-BBAC-03220E338278}.Release|x86.ActiveCfg = Release|Any CPU
		{474E6B4A-0827-4553-BBAC-03220E338278}.Release|x86.Build.0 = Release|Any CPU
		{5F2A24DD-AE82-434C-94A0-843E8648546E}.Debug|Any CPU.ActiveCfg = Debug|Any CPU
		{5F2A24DD-AE82-434C-94A0-843E8648546E}.Debug|Any CPU.Build.0 = Debug|Any CPU
		{5F2A24DD-AE82-434C-94A0-843E8648546E}.Debug|x64.ActiveCfg = Debug|Any CPU
		{5F2A24DD-AE82-434C-94A0-843E8648546E}.Debug|x64.Build.0 = Debug|Any CPU
		{5F2A24DD-AE82-434C-94A0-843E8648546E}.Debug|x86.ActiveCfg = Debug|Any CPU
		{5F2A24DD-AE82-434C-94A0-843E8648546E}.Debug|x86.Build.0 = Debug|Any CPU
		{5F2A24DD-AE82-434C-94A0-843E8648546E}.Release|Any CPU.ActiveCfg = Release|Any CPU
		{5F2A24DD-AE82-434C-94A0-843E8648546E}.Release|Any CPU.Build.0 = Release|Any CPU
		{5F2A24DD-AE82-434C-94A0-843E8648546E}.Release|x64.ActiveCfg = Release|Any CPU
		{5F2A24DD-AE82-434C-94A0-843E8648546E}.Release|x64.Build.0 = Release|Any CPU
		{5F2A24DD-AE82-434C-94A0-843E8648546E}.Release|x86.ActiveCfg = Release|Any CPU
		{5F2A24DD-AE82-434C-94A0-843E8648546E}.Release|x86.Build.0 = Release|Any CPU
		{E32F18B2-3B63-45FE-B65C-B500717E09F3}.Debug|Any CPU.ActiveCfg = Debug|Any CPU
		{E32F18B2-3B63-45FE-B65C-B500717E09F3}.Debug|Any CPU.Build.0 = Debug|Any CPU
		{E32F18B2-3B63-45FE-B65C-B500717E09F3}.Debug|x64.ActiveCfg = Debug|Any CPU
		{E32F18B2-3B63-45FE-B65C-B500717E09F3}.Debug|x64.Build.0 = Debug|Any CPU
		{E32F18B2-3B63-45FE-B65C-B500717E09F3}.Debug|x86.ActiveCfg = Debug|Any CPU
		{E32F18B2-3B63-45FE-B65C-B500717E09F3}.Debug|x86.Build.0 = Debug|Any CPU
		{E32F18B2-3B63-45FE-B65C-B500717E09F3}.Release|Any CPU.ActiveCfg = Release|Any CPU
		{E32F18B2-3B63-45FE-B65C-B500717E09F3}.Release|Any CPU.Build.0 = Release|Any CPU
		{E32F18B2-3B63-45FE-B65C-B500717E09F3}.Release|x64.ActiveCfg = Release|Any CPU
		{E32F18B2-3B63-45FE-B65C-B500717E09F3}.Release|x64.Build.0 = Release|Any CPU
		{E32F18B2-3B63-45FE-B65C-B500717E09F3}.Release|x86.ActiveCfg = Release|Any CPU
		{E32F18B2-3B63-45FE-B65C-B500717E09F3}.Release|x86.Build.0 = Release|Any CPU
		{30CA6527-EB6A-4F85-A751-ECC311383FFD}.Debug|Any CPU.ActiveCfg = Debug|Any CPU
		{30CA6527-EB6A-4F85-A751-ECC311383FFD}.Debug|Any CPU.Build.0 = Debug|Any CPU
		{30CA6527-EB6A-4F85-A751-ECC311383FFD}.Debug|x64.ActiveCfg = Debug|Any CPU
		{30CA6527-EB6A-4F85-A751-ECC311383FFD}.Debug|x64.Build.0 = Debug|Any CPU
		{30CA6527-EB6A-4F85-A751-ECC311383FFD}.Debug|x86.ActiveCfg = Debug|Any CPU
		{30CA6527-EB6A-4F85-A751-ECC311383FFD}.Debug|x86.Build.0 = Debug|Any CPU
		{30CA6527-EB6A-4F85-A751-ECC311383FFD}.Release|Any CPU.ActiveCfg = Release|Any CPU
		{30CA6527-EB6A-4F85-A751-ECC311383FFD}.Release|Any CPU.Build.0 = Release|Any CPU
		{30CA6527-EB6A-4F85-A751-ECC311383FFD}.Release|x64.ActiveCfg = Release|Any CPU
		{30CA6527-EB6A-4F85-A751-ECC311383FFD}.Release|x64.Build.0 = Release|Any CPU
		{30CA6527-EB6A-4F85-A751-ECC311383FFD}.Release|x86.ActiveCfg = Release|Any CPU
		{30CA6527-EB6A-4F85-A751-ECC311383FFD}.Release|x86.Build.0 = Release|Any CPU
		{4F44BF17-CEA4-4A61-AB40-045674C50576}.Debug|Any CPU.ActiveCfg = Debug|Any CPU
		{4F44BF17-CEA4-4A61-AB40-045674C50576}.Debug|Any CPU.Build.0 = Debug|Any CPU
		{4F44BF17-CEA4-4A61-AB40-045674C50576}.Debug|x64.ActiveCfg = Debug|Any CPU
		{4F44BF17-CEA4-4A61-AB40-045674C50576}.Debug|x64.Build.0 = Debug|Any CPU
		{4F44BF17-CEA4-4A61-AB40-045674C50576}.Debug|x86.ActiveCfg = Debug|Any CPU
		{4F44BF17-CEA4-4A61-AB40-045674C50576}.Debug|x86.Build.0 = Debug|Any CPU
		{4F44BF17-CEA4-4A61-AB40-045674C50576}.Release|Any CPU.ActiveCfg = Release|Any CPU
		{4F44BF17-CEA4-4A61-AB40-045674C50576}.Release|Any CPU.Build.0 = Release|Any CPU
		{4F44BF17-CEA4-4A61-AB40-045674C50576}.Release|x64.ActiveCfg = Release|Any CPU
		{4F44BF17-CEA4-4A61-AB40-045674C50576}.Release|x64.Build.0 = Release|Any CPU
		{4F44BF17-CEA4-4A61-AB40-045674C50576}.Release|x86.ActiveCfg = Release|Any CPU
		{4F44BF17-CEA4-4A61-AB40-045674C50576}.Release|x86.Build.0 = Release|Any CPU
	EndGlobalSection
	GlobalSection(SolutionProperties) = preSolution
		HideSolutionNode = FALSE
	EndGlobalSection
	GlobalSection(ExtensibilityGlobals) = postSolution
		SolutionGuid = {84EC8B69-47FD-48FD-9AE2-88D1F1993D31}
	EndGlobalSection
EndGlobal
